
Microsoft Visual Studio Solution File, Format Version 12.00
# Visual Studio Version 16
VisualStudioVersion = 16.0.30204.135
MinimumVisualStudioVersion = 10.0.40219.1
Project("{FAE04EC0-301F-11D3-BF4B-00C04F79EFBC}") = "Blazor-APP.Server", "Server\Blazor-APP.Server.csproj", "{80757EDD-1820-4600-A20B-9131F4B12F6E}"
EndProject
Project("{FAE04EC0-301F-11D3-BF4B-00C04F79EFBC}") = "Blazor-APP.Client", "Client\Blazor-APP.Client.csproj", "{207FA8CA-008A-4F22-96B1-422AD24DDD70}"
EndProject
Project("{FAE04EC0-301F-11D3-BF4B-00C04F79EFBC}") = "Blazor-APP.Shared", "Shared\Blazor-APP.Shared.csproj", "{1EDD2126-9DF5-405C-B855-44FB330CE8B3}"
EndProject
Global
	GlobalSection(SolutionConfigurationPlatforms) = preSolution
		Debug|Any CPU = Debug|Any CPU
		Release|Any CPU = Release|Any CPU
	EndGlobalSection
	GlobalSection(ProjectConfigurationPlatforms) = postSolution
		{80757EDD-1820-4600-A20B-9131F4B12F6E}.Debug|Any CPU.ActiveCfg = Debug|Any CPU
		{80757EDD-1820-4600-A20B-9131F4B12F6E}.Debug|Any CPU.Build.0 = Debug|Any CPU
		{80757EDD-1820-4600-A20B-9131F4B12F6E}.Release|Any CPU.ActiveCfg = Release|Any CPU
		{80757EDD-1820-4600-A20B-9131F4B12F6E}.Release|Any CPU.Build.0 = Release|Any CPU
		{207FA8CA-008A-4F22-96B1-422AD24DDD70}.Debug|Any CPU.ActiveCfg = Debug|Any CPU
		{207FA8CA-008A-4F22-96B1-422AD24DDD70}.Debug|Any CPU.Build.0 = Debug|Any CPU
		{207FA8CA-008A-4F22-96B1-422AD24DDD70}.Release|Any CPU.ActiveCfg = Release|Any CPU
		{207FA8CA-008A-4F22-96B1-422AD24DDD70}.Release|Any CPU.Build.0 = Release|Any CPU
		{1EDD2126-9DF5-405C-B855-44FB330CE8B3}.Debug|Any CPU.ActiveCfg = Debug|Any CPU
		{1EDD2126-9DF5-405C-B855-44FB330CE8B3}.Debug|Any CPU.Build.0 = Debug|Any CPU
		{1EDD2126-9DF5-405C-B855-44FB330CE8B3}.Release|Any CPU.ActiveCfg = Release|Any CPU
		{1EDD2126-9DF5-405C-B855-44FB330CE8B3}.Release|Any CPU.Build.0 = Release|Any CPU
	EndGlobalSection
	GlobalSection(SolutionProperties) = preSolution
		HideSolutionNode = FALSE
	EndGlobalSection
	GlobalSection(ExtensibilityGlobals) = postSolution
		SolutionGuid = {697B767E-5167-4FA6-9E41-07D19493F672}
	EndGlobalSection
EndGlobal
